// !$*UTF8*$!
{
	archiveVersion = 1;
	classes = {
	};
	objectVersion = 50;
	objects = {

/* Begin PBXBuildFile section */
		ABDC837025DFAFFE001AB262 /* AppDelegate.swift in Sources */ = {isa = PBXBuildFile; fileRef = ABDC836F25DFAFFE001AB262 /* AppDelegate.swift */; };
		ABDC837225DFAFFE001AB262 /* SceneDelegate.swift in Sources */ = {isa = PBXBuildFile; fileRef = ABDC837125DFAFFE001AB262 /* SceneDelegate.swift */; };
		ABDC837425DFAFFE001AB262 /* ViewController.swift in Sources */ = {isa = PBXBuildFile; fileRef = ABDC837325DFAFFE001AB262 /* ViewController.swift */; };
		ABDC837725DFAFFE001AB262 /* Main.storyboard in Resources */ = {isa = PBXBuildFile; fileRef = ABDC837525DFAFFE001AB262 /* Main.storyboard */; };
		ABDC837925DFB001001AB262 /* Assets.xcassets in Resources */ = {isa = PBXBuildFile; fileRef = ABDC837825DFB001001AB262 /* Assets.xcassets */; };
		ABDC837C25DFB001001AB262 /* LaunchScreen.storyboard in Resources */ = {isa = PBXBuildFile; fileRef = ABDC837A25DFB001001AB262 /* LaunchScreen.storyboard */; };
		ABDC838525DFB0C3001AB262 /* CustomView.swift in Sources */ = {isa = PBXBuildFile; fileRef = ABDC838425DFB0C3001AB262 /* CustomView.swift */; };
		ABDC838925DFB49C001AB262 /* Circle.swift in Sources */ = {isa = PBXBuildFile; fileRef = ABDC838825DFB49C001AB262 /* Circle.swift */; };
		ABDC838C25DFB4B1001AB262 /* Rectangle.swift in Sources */ = {isa = PBXBuildFile; fileRef = ABDC838B25DFB4B1001AB262 /* Rectangle.swift */; };
/* End PBXBuildFile section */

/* Begin PBXFileReference section */
		ABDC836C25DFAFFE001AB262 /* Drawing.app */ = {isa = PBXFileReference; explicitFileType = wrapper.application; includeInIndex = 0; path = Drawing.app; sourceTree = BUILT_PRODUCTS_DIR; };
		ABDC836F25DFAFFE001AB262 /* AppDelegate.swift */ = {isa = PBXFileReference; lastKnownFileType = sourcecode.swift; path = AppDelegate.swift; sourceTree = "<group>"; };
		ABDC837125DFAFFE001AB262 /* SceneDelegate.swift */ = {isa = PBXFileReference; lastKnownFileType = sourcecode.swift; path = SceneDelegate.swift; sourceTree = "<group>"; };
		ABDC837325DFAFFE001AB262 /* ViewController.swift */ = {isa = PBXFileReference; lastKnownFileType = sourcecode.swift; path = ViewController.swift; sourceTree = "<group>"; };
		ABDC837625DFAFFE001AB262 /* Base */ = {isa = PBXFileReference; lastKnownFileType = file.storyboard; name = Base; path = Base.lproj/Main.storyboard; sourceTree = "<group>"; };
		ABDC837825DFB001001AB262 /* Assets.xcassets */ = {isa = PBXFileReference; lastKnownFileType = folder.assetcatalog; path = Assets.xcassets; sourceTree = "<group>"; };
		ABDC837B25DFB001001AB262 /* Base */ = {isa = PBXFileReference; lastKnownFileType = file.storyboard; name = Base; path = Base.lproj/LaunchScreen.storyboard; sourceTree = "<group>"; };
		ABDC837D25DFB001001AB262 /* Info.plist */ = {isa = PBXFileReference; lastKnownFileType = text.plist.xml; path = Info.plist; sourceTree = "<group>"; };
		ABDC838425DFB0C3001AB262 /* CustomView.swift */ = {isa = PBXFileReference; lastKnownFileType = sourcecode.swift; path = CustomView.swift; sourceTree = "<group>"; };
		ABDC838825DFB49C001AB262 /* Circle.swift */ = {isa = PBXFileReference; lastKnownFileType = sourcecode.swift; path = Circle.swift; sourceTree = "<group>"; };
		ABDC838B25DFB4B1001AB262 /* Rectangle.swift */ = {isa = PBXFileReference; lastKnownFileType = sourcecode.swift; path = Rectangle.swift; sourceTree = "<group>"; };
/* End PBXFileReference section */

/* Begin PBXFrameworksBuildPhase section */
		ABDC836925DFAFFE001AB262 /* Frameworks */ = {
			isa = PBXFrameworksBuildPhase;
			buildActionMask = 2147483647;
			files = (
			);
			runOnlyForDeploymentPostprocessing = 0;
		};
/* End PBXFrameworksBuildPhase section */

/* Begin PBXGroup section */
		ABDC836325DFAFFD001AB262 = {
			isa = PBXGroup;
			children = (
				ABDC836E25DFAFFE001AB262 /* Drawing */,
				ABDC836D25DFAFFE001AB262 /* Products */,
			);
			sourceTree = "<group>";
		};
		ABDC836D25DFAFFE001AB262 /* Products */ = {
			isa = PBXGroup;
			children = (
				ABDC836C25DFAFFE001AB262 /* Drawing.app */,
			);
			name = Products;
			sourceTree = "<group>";
		};
		ABDC836E25DFAFFE001AB262 /* Drawing */ = {
			isa = PBXGroup;
			children = (
				ABDC837D25DFB001001AB262 /* Info.plist */,
				ABDC838F25DFB4DC001AB262 /* Supporting Files */,
				ABDC837125DFAFFE001AB262 /* SceneDelegate.swift */,
				ABDC837325DFAFFE001AB262 /* ViewController.swift */,
				ABDC838425DFB0C3001AB262 /* CustomView.swift */,
				ABDC837525DFAFFE001AB262 /* Main.storyboard */,
				ABDC838E25DFB4C6001AB262 /* Model */,
			);
			path = Drawing;
			sourceTree = "<group>";
		};
		ABDC838E25DFB4C6001AB262 /* Model */ = {
			isa = PBXGroup;
			children = (
				ABDC838825DFB49C001AB262 /* Circle.swift */,
				ABDC838B25DFB4B1001AB262 /* Rectangle.swift */,
			);
			path = Model;
			sourceTree = "<group>";
		};
		ABDC838F25DFB4DC001AB262 /* Supporting Files */ = {
			isa = PBXGroup;
			children = (
				ABDC837825DFB001001AB262 /* Assets.xcassets */,
				ABDC836F25DFAFFE001AB262 /* AppDelegate.swift */,
				ABDC837A25DFB001001AB262 /* LaunchScreen.storyboard */,
			);
			path = "Supporting Files";
			sourceTree = "<group>";
		};
/* End PBXGroup section */

/* Begin PBXNativeTarget section */
		ABDC836B25DFAFFE001AB262 /* Drawing */ = {
			isa = PBXNativeTarget;
			buildConfigurationList = ABDC838025DFB001001AB262 /* Build configuration list for PBXNativeTarget "Drawing" */;
			buildPhases = (
				ABDC836825DFAFFE001AB262 /* Sources */,
				ABDC836925DFAFFE001AB262 /* Frameworks */,
				ABDC836A25DFAFFE001AB262 /* Resources */,
			);
			buildRules = (
			);
			dependencies = (
			);
			name = Drawing;
			productName = Drawing;
			productReference = ABDC836C25DFAFFE001AB262 /* Drawing.app */;
			productType = "com.apple.product-type.application";
		};
/* End PBXNativeTarget section */

/* Begin PBXProject section */
		ABDC836425DFAFFD001AB262 /* Project object */ = {
			isa = PBXProject;
			attributes = {
				LastSwiftUpdateCheck = 1230;
				LastUpgradeCheck = 1230;
				TargetAttributes = {
					ABDC836B25DFAFFE001AB262 = {
						CreatedOnToolsVersion = 12.3;
					};
				};
			};
			buildConfigurationList = ABDC836725DFAFFD001AB262 /* Build configuration list for PBXProject "Drawing" */;
			compatibilityVersion = "Xcode 9.3";
			developmentRegion = en;
			hasScannedForEncodings = 0;
			knownRegions = (
				en,
				Base,
			);
			mainGroup = ABDC836325DFAFFD001AB262;
			productRefGroup = ABDC836D25DFAFFE001AB262 /* Products */;
			projectDirPath = "";
			projectRoot = "";
			targets = (
				ABDC836B25DFAFFE001AB262 /* Drawing */,
			);
		};
/* End PBXProject section */

/* Begin PBXResourcesBuildPhase section */
		ABDC836A25DFAFFE001AB262 /* Resources */ = {
			isa = PBXResourcesBuildPhase;
			buildActionMask = 2147483647;
			files = (
				ABDC837C25DFB001001AB262 /* LaunchScreen.storyboard in Resources */,
				ABDC837925DFB001001AB262 /* Assets.xcassets in Resources */,
				ABDC837725DFAFFE001AB262 /* Main.storyboard in Resources */,
			);
			runOnlyForDeploymentPostprocessing = 0;
		};
/* End PBXResourcesBuildPhase section */

/* Begin PBXSourcesBuildPhase section */
		ABDC836825DFAFFE001AB262 /* Sources */ = {
			isa = PBXSourcesBuildPhase;
			buildActionMask = 2147483647;
			files = (
				ABDC838925DFB49C001AB262 /* Circle.swift in Sources */,
				ABDC837425DFAFFE001AB262 /* ViewController.swift in Sources */,
				ABDC838525DFB0C3001AB262 /* CustomView.swift in Sources */,
				ABDC838C25DFB4B1001AB262 /* Rectangle.swift in Sources */,
				ABDC837025DFAFFE001AB262 /* AppDelegate.swift in Sources */,
				ABDC837225DFAFFE001AB262 /* SceneDelegate.swift in Sources */,
			);
			runOnlyForDeploymentPostprocessing = 0;
		};
/* End PBXSourcesBuildPhase section */

/* Begin PBXVariantGroup section */
		ABDC837525DFAFFE001AB262 /* Main.storyboard */ = {
			isa = PBXVariantGroup;
			children = (
				ABDC837625DFAFFE001AB262 /* Base */,
			);
			name = Main.storyboard;
			sourceTree = "<group>";
		};
		ABDC837A25DFB001001AB262 /* LaunchScreen.storyboard */ = {
			isa = PBXVariantGroup;
			children = (
				ABDC837B25DFB001001AB262 /* Base */,
			);
			name = LaunchScreen.storyboard;
			sourceTree = "<group>";
		};
/* End PBXVariantGroup section */

/* Begin XCBuildConfiguration section */
		ABDC837E25DFB001001AB262 /* Debug */ = {
			isa = XCBuildConfiguration;
			buildSettings = {
				ALWAYS_SEARCH_USER_PATHS = NO;
				CLANG_ANALYZER_NONNULL = YES;
				CLANG_ANALYZER_NUMBER_OBJECT_CONVERSION = YES_AGGRESSIVE;
				CLANG_CXX_LANGUAGE_STANDARD = "gnu++14";
				CLANG_CXX_LIBRARY = "libc++";
				CLANG_ENABLE_MODULES = YES;
				CLANG_ENABLE_OBJC_ARC = YES;
				CLANG_ENABLE_OBJC_WEAK = YES;
				CLANG_WARN_BLOCK_CAPTURE_AUTORELEASING = YES;
				CLANG_WARN_BOOL_CONVERSION = YES;
				CLANG_WARN_COMMA = YES;
				CLANG_WARN_CONSTANT_CONVERSION = YES;
				CLANG_WARN_DEPRECATED_OBJC_IMPLEMENTATIONS = YES;
				CLANG_WARN_DIRECT_OBJC_ISA_USAGE = YES_ERROR;
				CLANG_WARN_DOCUMENTATION_COMMENTS = YES;
				CLANG_WARN_EMPTY_BODY = YES;
				CLANG_WARN_ENUM_CONVERSION = YES;
				CLANG_WARN_INFINITE_RECURSION = YES;
				CLANG_WARN_INT_CONVERSION = YES;
				CLANG_WARN_NON_LITERAL_NULL_CONVERSION = YES;
				CLANG_WARN_OBJC_IMPLICIT_RETAIN_SELF = YES;
				CLANG_WARN_OBJC_LITERAL_CONVERSION = YES;
				CLANG_WARN_OBJC_ROOT_CLASS = YES_ERROR;
				CLANG_WARN_QUOTED_INCLUDE_IN_FRAMEWORK_HEADER = YES;
				CLANG_WARN_RANGE_LOOP_ANALYSIS = YES;
				CLANG_WARN_STRICT_PROTOTYPES = YES;
				CLANG_WARN_SUSPICIOUS_MOVE = YES;
				CLANG_WARN_UNGUARDED_AVAILABILITY = YES_AGGRESSIVE;
				CLANG_WARN_UNREACHABLE_CODE = YES;
				CLANG_WARN__DUPLICATE_METHOD_MATCH = YES;
				COPY_PHASE_STRIP = NO;
				DEBUG_INFORMATION_FORMAT = dwarf;
				ENABLE_STRICT_OBJC_MSGSEND = YES;
				ENABLE_TESTABILITY = YES;
				GCC_C_LANGUAGE_STANDARD = gnu11;
				GCC_DYNAMIC_NO_PIC = NO;
				GCC_NO_COMMON_BLOCKS = YES;
				GCC_OPTIMIZATION_LEVEL = 0;
				GCC_PREPROCESSOR_DEFINITIONS = (
					"DEBUG=1",
					"$(inherited)",
				);
				GCC_WARN_64_TO_32_BIT_CONVERSION = YES;
				GCC_WARN_ABOUT_RETURN_TYPE = YES_ERROR;
				GCC_WARN_UNDECLARED_SELECTOR = YES;
				GCC_WARN_UNINITIALIZED_AUTOS = YES_AGGRESSIVE;
				GCC_WARN_UNUSED_FUNCTION = YES;
				GCC_WARN_UNUSED_VARIABLE = YES;
				IPHONEOS_DEPLOYMENT_TARGET = 14.3;
				MTL_ENABLE_DEBUG_INFO = INCLUDE_SOURCE;
				MTL_FAST_MATH = YES;
				ONLY_ACTIVE_ARCH = YES;
				SDKROOT = iphoneos;
				SWIFT_ACTIVE_COMPILATION_CONDITIONS = DEBUG;
				SWIFT_OPTIMIZATION_LEVEL = "-Onone";
			};
			name = Debug;
		};
		ABDC837F25DFB001001AB262 /* Release */ = {
			isa = XCBuildConfiguration;
			buildSettings = {
				ALWAYS_SEARCH_USER_PATHS = NO;
				CLANG_ANALYZER_NONNULL = YES;
				CLANG_ANALYZER_NUMBER_OBJECT_CONVERSION = YES_AGGRESSIVE;
				CLANG_CXX_LANGUAGE_STANDARD = "gnu++14";
				CLANG_CXX_LIBRARY = "libc++";
				CLANG_ENABLE_MODULES = YES;
				CLANG_ENABLE_OBJC_ARC = YES;
				CLANG_ENABLE_OBJC_WEAK = YES;
				CLANG_WARN_BLOCK_CAPTURE_AUTORELEASING = YES;
				CLANG_WARN_BOOL_CONVERSION = YES;
				CLANG_WARN_COMMA = YES;
				CLANG_WARN_CONSTANT_CONVERSION = YES;
				CLANG_WARN_DEPRECATED_OBJC_IMPLEMENTATIONS = YES;
				CLANG_WARN_DIRECT_OBJC_ISA_USAGE = YES_ERROR;
				CLANG_WARN_DOCUMENTATION_COMMENTS = YES;
				CLANG_WARN_EMPTY_BODY = YES;
				CLANG_WARN_ENUM_CONVERSION = YES;
				CLANG_WARN_INFINITE_RECURSION = YES;
				CLANG_WARN_INT_CONVERSION = YES;
				CLANG_WARN_NON_LITERAL_NULL_CONVERSION = YES;
				CLANG_WARN_OBJC_IMPLICIT_RETAIN_SELF = YES;
				CLANG_WARN_OBJC_LITERAL_CONVERSION = YES;
				CLANG_WARN_OBJC_ROOT_CLASS = YES_ERROR;
				CLANG_WARN_QUOTED_INCLUDE_IN_FRAMEWORK_HEADER = YES;
				CLANG_WARN_RANGE_LOOP_ANALYSIS = YES;
				CLANG_WARN_STRICT_PROTOTYPES = YES;
				CLANG_WARN_SUSPICIOUS_MOVE = YES;
				CLANG_WARN_UNGUARDED_AVAILABILITY = YES_AGGRESSIVE;
				CLANG_WARN_UNREACHABLE_CODE = YES;
				CLANG_WARN__DUPLICATE_METHOD_MATCH = YES;
				COPY_PHASE_STRIP = NO;
				DEBUG_INFORMATION_FORMAT = "dwarf-with-dsym";
				ENABLE_NS_ASSERTIONS = NO;
				ENABLE_STRICT_OBJC_MSGSEND = YES;
				GCC_C_LANGUAGE_STANDARD = gnu11;
				GCC_NO_COMMON_BLOCKS = YES;
				GCC_WARN_64_TO_32_BIT_CONVERSION = YES;
				GCC_WARN_ABOUT_RETURN_TYPE = YES_ERROR;
				GCC_WARN_UNDECLARED_SELECTOR = YES;
				GCC_WARN_UNINITIALIZED_AUTOS = YES_AGGRESSIVE;
				GCC_WARN_UNUSED_FUNCTION = YES;
				GCC_WARN_UNUSED_VARIABLE = YES;
				IPHONEOS_DEPLOYMENT_TARGET = 14.3;
				MTL_ENABLE_DEBUG_INFO = NO;
				MTL_FAST_MATH = YES;
				SDKROOT = iphoneos;
				SWIFT_COMPILATION_MODE = wholemodule;
				SWIFT_OPTIMIZATION_LEVEL = "-O";
				VALIDATE_PRODUCT = YES;
			};
			name = Release;
		};
		ABDC838125DFB001001AB262 /* Debug */ = {
			isa = XCBuildConfiguration;
			buildSettings = {
				ASSETCATALOG_COMPILER_APPICON_NAME = AppIcon;
				ASSETCATALOG_COMPILER_GLOBAL_ACCENT_COLOR_NAME = AccentColor;
				CODE_SIGN_STYLE = Automatic;
				DEVELOPMENT_TEAM = 8P55UCQPMB;
				INFOPLIST_FILE = Drawing/Info.plist;
				LD_RUNPATH_SEARCH_PATHS = (
					"$(inherited)",
					"@executable_path/Frameworks",
				);
				PRODUCT_BUNDLE_IDENTIFIER = com.abzalarstanov.Drawing;
				PRODUCT_NAME = "$(TARGET_NAME)";
				SWIFT_VERSION = 5.0;
				TARGETED_DEVICE_FAMILY = "1,2";
			};
			name = Debug;
		};
		ABDC838225DFB001001AB262 /* Release */ = {
			isa = XCBuildConfiguration;
			buildSettings = {
				ASSETCATALOG_COMPILER_APPICON_NAME = AppIcon;
				ASSETCATALOG_COMPILER_GLOBAL_ACCENT_COLOR_NAME = AccentColor;
				CODE_SIGN_STYLE = Automatic;
				DEVELOPMENT_TEAM = 8P55UCQPMB;
				INFOPLIST_FILE = Drawing/Info.plist;
				LD_RUNPATH_SEARCH_PATHS = (
					"$(inherited)",
					"@executable_path/Frameworks",
				);
				PRODUCT_BUNDLE_IDENTIFIER = com.abzalarstanov.Drawing;
				PRODUCT_NAME = "$(TARGET_NAME)";
				SWIFT_VERSION = 5.0;
				TARGETED_DEVICE_FAMILY = "1,2";
			};
			name = Release;
		};
/* End XCBuildConfiguration section */

/* Begin XCConfigurationList section */
		ABDC836725DFAFFD001AB262 /* Build configuration list for PBXProject "Drawing" */ = {
			isa = XCConfigurationList;
			buildConfigurations = (
				ABDC837E25DFB001001AB262 /* Debug */,
				ABDC837F25DFB001001AB262 /* Release */,
			);
			defaultConfigurationIsVisible = 0;
			defaultConfigurationName = Release;
		};
		ABDC838025DFB001001AB262 /* Build configuration list for PBXNativeTarget "Drawing" */ = {
			isa = XCConfigurationList;
			buildConfigurations = (
				ABDC838125DFB001001AB262 /* Debug */,
				ABDC838225DFB001001AB262 /* Release */,
			);
			defaultConfigurationIsVisible = 0;
			defaultConfigurationName = Release;
		};
/* End XCConfigurationList section */
	};
	rootObject = ABDC836425DFAFFD001AB262 /* Project object */;
}
